
Microsoft Visual Studio Solution File, Format Version 12.00
# Visual Studio 14
VisualStudioVersion = 14.0.25420.1
MinimumVisualStudioVersion = 10.0.40219.1
Project("{8BC9CEB8-8B4A-11D0-8D11-00A0C91BC942}") = "Lab1", "Lab3\Lab3.vcxproj", "{D995B83C-8254-4FB1-B81E-40CE87FCC173}"
EndProject
Project("{8BC9CEB8-8B4A-11D0-8D11-00A0C91BC942}") = "Prj05", "Prj05\Prj05.vcxproj", "{006FD420-3552-4606-A0C6-C20F33E9AB46}"
EndProject
Project("{8BC9CEB8-8B4A-11D0-8D11-00A0C91BC942}") = "Prj06", "Prj06\Prj06.vcxproj", "{F84753A8-CC33-458B-A895-6EC1A519F5F3}"
EndProject
Project("{8BC9CEB8-8B4A-11D0-8D11-00A0C91BC942}") = "Prj13", "Prj13\Prj13.vcxproj", "{1D4D378E-BE24-4E0B-867A-118A6FCBC0E0}"
EndProject
Project("{8BC9CEB8-8B4A-11D0-8D11-00A0C91BC942}") = "Lap3", "Lap3\Lap3.vcxproj", "{5C9B9D12-729E-482B-8809-E1193CA75A83}"
EndProject
Project("{8BC9CEB8-8B4A-11D0-8D11-00A0C91BC942}") = "3-1", "3-1\3-1.vcxproj", "{4C790473-19BC-43B2-BE2F-F91CFCAC6C74}"
EndProject
Project("{8BC9CEB8-8B4A-11D0-8D11-00A0C91BC942}") = "3-2", "3-2\3-2.vcxproj", "{BF877D78-AD17-48CF-94E6-742C46966DA0}"
EndProject
Project("{8BC9CEB8-8B4A-11D0-8D11-00A0C91BC942}") = "3-3", "3-3\3-3.vcxproj", "{635B2226-EB93-4F6B-9653-8A843D1B6070}"
EndProject
Project("{8BC9CEB8-8B4A-11D0-8D11-00A0C91BC942}") = "3-4", "3-4\3-4.vcxproj", "{9C186314-D757-49C8-A41D-7DDACB7E5404}"
EndProject
Project("{8BC9CEB8-8B4A-11D0-8D11-00A0C91BC942}") = "3-7", "3-7\3-7.vcxproj", "{95E4376D-A029-4626-84CD-BFCF26CEA139}"
EndProject
Project("{8BC9CEB8-8B4A-11D0-8D11-00A0C91BC942}") = "3-8", "3-8\3-8.vcxproj", "{0613B572-5639-4E58-ADA7-38B35B6DBC81}"
EndProject
Project("{8BC9CEB8-8B4A-11D0-8D11-00A0C91BC942}") = "3-9", "3-9\3-9.vcxproj", "{59B306BA-6946-4E5F-AB66-2DA97ECB9A95}"
EndProject
Project("{8BC9CEB8-8B4A-11D0-8D11-00A0C91BC942}") = "Lab3-2", "Lab3-2\Lab3-2.vcxproj", "{2C0A6103-5109-467C-AED6-D4AFFCA55E6E}"
EndProject
Project("{8BC9CEB8-8B4A-11D0-8D11-00A0C91BC942}") = "3-10", "3-10\3-10.vcxproj", "{2437189F-EBCB-4771-AE4D-008DB61A7CAA}"
EndProject
Project("{8BC9CEB8-8B4A-11D0-8D11-00A0C91BC942}") = "3-11", "3-11\3-11.vcxproj", "{908C1AF0-F18F-4305-9254-3758C841BBC0}"
EndProject
Project("{8BC9CEB8-8B4A-11D0-8D11-00A0C91BC942}") = "3-12", "3-12\3-12.vcxproj", "{7C407444-7144-4415-9373-DCAE7EC799F3}"
EndProject
Project("{8BC9CEB8-8B4A-11D0-8D11-00A0C91BC942}") = "3-14", "3-14\3-14.vcxproj", "{D8788778-C508-4B47-BF3F-FBF8FA52D5A9}"
EndProject
Global
	GlobalSection(SolutionConfigurationPlatforms) = preSolution
		Debug|x64 = Debug|x64
		Debug|x86 = Debug|x86
		Release|x64 = Release|x64
		Release|x86 = Release|x86
	EndGlobalSection
	GlobalSection(ProjectConfigurationPlatforms) = postSolution
		{D995B83C-8254-4FB1-B81E-40CE87FCC173}.Debug|x64.ActiveCfg = Debug|x64
		{D995B83C-8254-4FB1-B81E-40CE87FCC173}.Debug|x64.Build.0 = Debug|x64
		{D995B83C-8254-4FB1-B81E-40CE87FCC173}.Debug|x86.ActiveCfg = Debug|Win32
		{D995B83C-8254-4FB1-B81E-40CE87FCC173}.Debug|x86.Build.0 = Debug|Win32
		{D995B83C-8254-4FB1-B81E-40CE87FCC173}.Release|x64.ActiveCfg = Release|x64
		{D995B83C-8254-4FB1-B81E-40CE87FCC173}.Release|x64.Build.0 = Release|x64
		{D995B83C-8254-4FB1-B81E-40CE87FCC173}.Release|x86.ActiveCfg = Release|Win32
		{D995B83C-8254-4FB1-B81E-40CE87FCC173}.Release|x86.Build.0 = Release|Win32
		{006FD420-3552-4606-A0C6-C20F33E9AB46}.Debug|x64.ActiveCfg = Debug|x64
		{006FD420-3552-4606-A0C6-C20F33E9AB46}.Debug|x64.Build.0 = Debug|x64
		{006FD420-3552-4606-A0C6-C20F33E9AB46}.Debug|x86.ActiveCfg = Debug|Win32
		{006FD420-3552-4606-A0C6-C20F33E9AB46}.Debug|x86.Build.0 = Debug|Win32
		{006FD420-3552-4606-A0C6-C20F33E9AB46}.Release|x64.ActiveCfg = Release|x64
		{006FD420-3552-4606-A0C6-C20F33E9AB46}.Release|x64.Build.0 = Release|x64
		{006FD420-3552-4606-A0C6-C20F33E9AB46}.Release|x86.ActiveCfg = Release|Win32
		{006FD420-3552-4606-A0C6-C20F33E9AB46}.Release|x86.Build.0 = Release|Win32
		{F84753A8-CC33-458B-A895-6EC1A519F5F3}.Debug|x64.ActiveCfg = Debug|x64
		{F84753A8-CC33-458B-A895-6EC1A519F5F3}.Debug|x64.Build.0 = Debug|x64
		{F84753A8-CC33-458B-A895-6EC1A519F5F3}.Debug|x86.ActiveCfg = Debug|Win32
		{F84753A8-CC33-458B-A895-6EC1A519F5F3}.Debug|x86.Build.0 = Debug|Win32
		{F84753A8-CC33-458B-A895-6EC1A519F5F3}.Release|x64.ActiveCfg = Release|x64
		{F84753A8-CC33-458B-A895-6EC1A519F5F3}.Release|x64.Build.0 = Release|x64
		{F84753A8-CC33-458B-A895-6EC1A519F5F3}.Release|x86.ActiveCfg = Release|Win32
		{F84753A8-CC33-458B-A895-6EC1A519F5F3}.Release|x86.Build.0 = Release|Win32
		{1D4D378E-BE24-4E0B-867A-118A6FCBC0E0}.Debug|x64.ActiveCfg = Debug|x64
		{1D4D378E-BE24-4E0B-867A-118A6FCBC0E0}.Debug|x64.Build.0 = Debug|x64
		{1D4D378E-BE24-4E0B-867A-118A6FCBC0E0}.Debug|x86.ActiveCfg = Debug|Win32
		{1D4D378E-BE24-4E0B-867A-118A6FCBC0E0}.Debug|x86.Build.0 = Debug|Win32
		{1D4D378E-BE24-4E0B-867A-118A6FCBC0E0}.Release|x64.ActiveCfg = Release|x64
		{1D4D378E-BE24-4E0B-867A-118A6FCBC0E0}.Release|x64.Build.0 = Release|x64
		{1D4D378E-BE24-4E0B-867A-118A6FCBC0E0}.Release|x86.ActiveCfg = Release|Win32
		{1D4D378E-BE24-4E0B-867A-118A6FCBC0E0}.Release|x86.Build.0 = Release|Win32
		{5C9B9D12-729E-482B-8809-E1193CA75A83}.Debug|x64.ActiveCfg = Debug|x64
		{5C9B9D12-729E-482B-8809-E1193CA75A83}.Debug|x64.Build.0 = Debug|x64
		{5C9B9D12-729E-482B-8809-E1193CA75A83}.Debug|x86.ActiveCfg = Debug|Win32
		{5C9B9D12-729E-482B-8809-E1193CA75A83}.Debug|x86.Build.0 = Debug|Win32
		{5C9B9D12-729E-482B-8809-E1193CA75A83}.Release|x64.ActiveCfg = Release|x64
		{5C9B9D12-729E-482B-8809-E1193CA75A83}.Release|x64.Build.0 = Release|x64
		{5C9B9D12-729E-482B-8809-E1193CA75A83}.Release|x86.ActiveCfg = Release|Win32
		{5C9B9D12-729E-482B-8809-E1193CA75A83}.Release|x86.Build.0 = Release|Win32
		{4C790473-19BC-43B2-BE2F-F91CFCAC6C74}.Debug|x64.ActiveCfg = Debug|x64
		{4C790473-19BC-43B2-BE2F-F91CFCAC6C74}.Debug|x64.Build.0 = Debug|x64
		{4C790473-19BC-43B2-BE2F-F91CFCAC6C74}.Debug|x86.ActiveCfg = Debug|Win32
		{4C790473-19BC-43B2-BE2F-F91CFCAC6C74}.Debug|x86.Build.0 = Debug|Win32
		{4C790473-19BC-43B2-BE2F-F91CFCAC6C74}.Release|x64.ActiveCfg = Release|x64
		{4C790473-19BC-43B2-BE2F-F91CFCAC6C74}.Release|x64.Build.0 = Release|x64
		{4C790473-19BC-43B2-BE2F-F91CFCAC6C74}.Release|x86.ActiveCfg = Release|Win32
		{4C790473-19BC-43B2-BE2F-F91CFCAC6C74}.Release|x86.Build.0 = Release|Win32
		{BF877D78-AD17-48CF-94E6-742C46966DA0}.Debug|x64.ActiveCfg = Debug|x64
		{BF877D78-AD17-48CF-94E6-742C46966DA0}.Debug|x64.Build.0 = Debug|x64
		{BF877D78-AD17-48CF-94E6-742C46966DA0}.Debug|x86.ActiveCfg = Debug|Win32
		{BF877D78-AD17-48CF-94E6-742C46966DA0}.Debug|x86.Build.0 = Debug|Win32
		{BF877D78-AD17-48CF-94E6-742C46966DA0}.Release|x64.ActiveCfg = Release|x64
		{BF877D78-AD17-48CF-94E6-742C46966DA0}.Release|x64.Build.0 = Release|x64
		{BF877D78-AD17-48CF-94E6-742C46966DA0}.Release|x86.ActiveCfg = Release|Win32
		{BF877D78-AD17-48CF-94E6-742C46966DA0}.Release|x86.Build.0 = Release|Win32
		{635B2226-EB93-4F6B-9653-8A843D1B6070}.Debug|x64.ActiveCfg = Debug|x64
		{635B2226-EB93-4F6B-9653-8A843D1B6070}.Debug|x64.Build.0 = Debug|x64
		{635B2226-EB93-4F6B-9653-8A843D1B6070}.Debug|x86.ActiveCfg = Debug|Win32
		{635B2226-EB93-4F6B-9653-8A843D1B6070}.Debug|x86.Build.0 = Debug|Win32
		{635B2226-EB93-4F6B-9653-8A843D1B6070}.Release|x64.ActiveCfg = Release|x64
		{635B2226-EB93-4F6B-9653-8A843D1B6070}.Release|x64.Build.0 = Release|x64
		{635B2226-EB93-4F6B-9653-8A843D1B6070}.Release|x86.ActiveCfg = Release|Win32
		{635B2226-EB93-4F6B-9653-8A843D1B6070}.Release|x86.Build.0 = Release|Win32
		{9C186314-D757-49C8-A41D-7DDACB7E5404}.Debug|x64.ActiveCfg = Debug|x64
		{9C186314-D757-49C8-A41D-7DDACB7E5404}.Debug|x64.Build.0 = Debug|x64
		{9C186314-D757-49C8-A41D-7DDACB7E5404}.Debug|x86.ActiveCfg = Debug|Win32
		{9C186314-D757-49C8-A41D-7DDACB7E5404}.Debug|x86.Build.0 = Debug|Win32
		{9C186314-D757-49C8-A41D-7DDACB7E5404}.Release|x64.ActiveCfg = Release|x64
		{9C186314-D757-49C8-A41D-7DDACB7E5404}.Release|x64.Build.0 = Release|x64
		{9C186314-D757-49C8-A41D-7DDACB7E5404}.Release|x86.ActiveCfg = Release|Win32
		{9C186314-D757-49C8-A41D-7DDACB7E5404}.Release|x86.Build.0 = Release|Win32
		{95E4376D-A029-4626-84CD-BFCF26CEA139}.Debug|x64.ActiveCfg = Debug|x64
		{95E4376D-A029-4626-84CD-BFCF26CEA139}.Debug|x64.Build.0 = Debug|x64
		{95E4376D-A029-4626-84CD-BFCF26CEA139}.Debug|x86.ActiveCfg = Debug|Win32
		{95E4376D-A029-4626-84CD-BFCF26CEA139}.Debug|x86.Build.0 = Debug|Win32
		{95E4376D-A029-4626-84CD-BFCF26CEA139}.Release|x64.ActiveCfg = Release|x64
		{95E4376D-A029-4626-84CD-BFCF26CEA139}.Release|x64.Build.0 = Release|x64
		{95E4376D-A029-4626-84CD-BFCF26CEA139}.Release|x86.ActiveCfg = Release|Win32
		{95E4376D-A029-4626-84CD-BFCF26CEA139}.Release|x86.Build.0 = Release|Win32
		{0613B572-5639-4E58-ADA7-38B35B6DBC81}.Debug|x64.ActiveCfg = Debug|x64
		{0613B572-5639-4E58-ADA7-38B35B6DBC81}.Debug|x64.Build.0 = Debug|x64
		{0613B572-5639-4E58-ADA7-38B35B6DBC81}.Debug|x86.ActiveCfg = Debug|Win32
		{0613B572-5639-4E58-ADA7-38B35B6DBC81}.Debug|x86.Build.0 = Debug|Win32
		{0613B572-5639-4E58-ADA7-38B35B6DBC81}.Release|x64.ActiveCfg = Release|x64
		{0613B572-5639-4E58-ADA7-38B35B6DBC81}.Release|x64.Build.0 = Release|x64
		{0613B572-5639-4E58-ADA7-38B35B6DBC81}.Release|x86.ActiveCfg = Release|Win32
		{0613B572-5639-4E58-ADA7-38B35B6DBC81}.Release|x86.Build.0 = Release|Win32
		{59B306BA-6946-4E5F-AB66-2DA97ECB9A95}.Debug|x64.ActiveCfg = Debug|x64
		{59B306BA-6946-4E5F-AB66-2DA97ECB9A95}.Debug|x64.Build.0 = Debug|x64
		{59B306BA-6946-4E5F-AB66-2DA97ECB9A95}.Debug|x86.ActiveCfg = Debug|Win32
		{59B306BA-6946-4E5F-AB66-2DA97ECB9A95}.Debug|x86.Build.0 = Debug|Win32
		{59B306BA-6946-4E5F-AB66-2DA97ECB9A95}.Release|x64.ActiveCfg = Release|x64
		{59B306BA-6946-4E5F-AB66-2DA97ECB9A95}.Release|x64.Build.0 = Release|x64
		{59B306BA-6946-4E5F-AB66-2DA97ECB9A95}.Release|x86.ActiveCfg = Release|Win32
		{59B306BA-6946-4E5F-AB66-2DA97ECB9A95}.Release|x86.Build.0 = Release|Win32
		{2C0A6103-5109-467C-AED6-D4AFFCA55E6E}.Debug|x64.ActiveCfg = Debug|x64
		{2C0A6103-5109-467C-AED6-D4AFFCA55E6E}.Debug|x64.Build.0 = Debug|x64
		{2C0A6103-5109-467C-AED6-D4AFFCA55E6E}.Debug|x86.ActiveCfg = Debug|Win32
		{2C0A6103-5109-467C-AED6-D4AFFCA55E6E}.Debug|x86.Build.0 = Debug|Win32
		{2C0A6103-5109-467C-AED6-D4AFFCA55E6E}.Release|x64.ActiveCfg = Release|x64
		{2C0A6103-5109-467C-AED6-D4AFFCA55E6E}.Release|x64.Build.0 = Release|x64
		{2C0A6103-5109-467C-AED6-D4AFFCA55E6E}.Release|x86.ActiveCfg = Release|Win32
		{2C0A6103-5109-467C-AED6-D4AFFCA55E6E}.Release|x86.Build.0 = Release|Win32
		{2437189F-EBCB-4771-AE4D-008DB61A7CAA}.Debug|x64.ActiveCfg = Debug|x64
		{2437189F-EBCB-4771-AE4D-008DB61A7CAA}.Debug|x64.Build.0 = Debug|x64
		{2437189F-EBCB-4771-AE4D-008DB61A7CAA}.Debug|x86.ActiveCfg = Debug|Win32
		{2437189F-EBCB-4771-AE4D-008DB61A7CAA}.Debug|x86.Build.0 = Debug|Win32
		{2437189F-EBCB-4771-AE4D-008DB61A7CAA}.Release|x64.ActiveCfg = Release|x64
		{2437189F-EBCB-4771-AE4D-008DB61A7CAA}.Release|x64.Build.0 = Release|x64
		{2437189F-EBCB-4771-AE4D-008DB61A7CAA}.Release|x86.ActiveCfg = Release|Win32
		{2437189F-EBCB-4771-AE4D-008DB61A7CAA}.Release|x86.Build.0 = Release|Win32
		{908C1AF0-F18F-4305-9254-3758C841BBC0}.Debug|x64.ActiveCfg = Debug|x64
		{908C1AF0-F18F-4305-9254-3758C841BBC0}.Debug|x64.Build.0 = Debug|x64
		{908C1AF0-F18F-4305-9254-3758C841BBC0}.Debug|x86.ActiveCfg = Debug|Win32
		{908C1AF0-F18F-4305-9254-3758C841BBC0}.Debug|x86.Build.0 = Debug|Win32
		{908C1AF0-F18F-4305-9254-3758C841BBC0}.Release|x64.ActiveCfg = Release|x64
		{908C1AF0-F18F-4305-9254-3758C841BBC0}.Release|x64.Build.0 = Release|x64
		{908C1AF0-F18F-4305-9254-3758C841BBC0}.Release|x86.ActiveCfg = Release|Win32
		{908C1AF0-F18F-4305-9254-3758C841BBC0}.Release|x86.Build.0 = Release|Win32
		{7C407444-7144-4415-9373-DCAE7EC799F3}.Debug|x64.ActiveCfg = Debug|x64
		{7C407444-7144-4415-9373-DCAE7EC799F3}.Debug|x64.Build.0 = Debug|x64
		{7C407444-7144-4415-9373-DCAE7EC799F3}.Debug|x86.ActiveCfg = Debug|Win32
		{7C407444-7144-4415-9373-DCAE7EC799F3}.Debug|x86.Build.0 = Debug|Win32
		{7C407444-7144-4415-9373-DCAE7EC799F3}.Release|x64.ActiveCfg = Release|x64
		{7C407444-7144-4415-9373-DCAE7EC799F3}.Release|x64.Build.0 = Release|x64
		{7C407444-7144-4415-9373-DCAE7EC799F3}.Release|x86.ActiveCfg = Release|Win32
		{7C407444-7144-4415-9373-DCAE7EC799F3}.Release|x86.Build.0 = Release|Win32
		{D8788778-C508-4B47-BF3F-FBF8FA52D5A9}.Debug|x64.ActiveCfg = Debug|x64
		{D8788778-C508-4B47-BF3F-FBF8FA52D5A9}.Debug|x64.Build.0 = Debug|x64
		{D8788778-C508-4B47-BF3F-FBF8FA52D5A9}.Debug|x86.ActiveCfg = Debug|Win32
		{D8788778-C508-4B47-BF3F-FBF8FA52D5A9}.Debug|x86.Build.0 = Debug|Win32
		{D8788778-C508-4B47-BF3F-FBF8FA52D5A9}.Release|x64.ActiveCfg = Release|x64
		{D8788778-C508-4B47-BF3F-FBF8FA52D5A9}.Release|x64.Build.0 = Release|x64
		{D8788778-C508-4B47-BF3F-FBF8FA52D5A9}.Release|x86.ActiveCfg = Release|Win32
		{D8788778-C508-4B47-BF3F-FBF8FA52D5A9}.Release|x86.Build.0 = Release|Win32
	EndGlobalSection
	GlobalSection(SolutionProperties) = preSolution
		HideSolutionNode = FALSE
	EndGlobalSection
EndGlobal
